Microsoft Visual Studio Solution File, Format Version 12.00
# Visual Studio Version 17
VisualStudioVersion = 17.5.2.0
MinimumVisualStudioVersion = 10.0.40219.1
Project("{FAE04EC0-301F-11D3-BF4B-00C04F79EFBC}") = "AsParallelConsole", "AsParallelConsole\AsParallelConsole.csproj", "{FCCD78C1-0954-EA12-F502-23F6DB83AD64}"
EndProject
Global
	GlobalSection(SolutionConfigurationPlatforms) = preSolution
		Debug|Any CPU = Debug|Any CPU
		Release|Any CPU = Release|Any CPU
	EndGlobalSection
	GlobalSection(ProjectConfigurationPlatforms) = postSolution
		{FCCD78C1-0954-EA12-F502-23F6DB83AD64}.Debug|Any CPU.ActiveCfg = Debug|Any CPU
		{FCCD78C1-0954-EA12-F502-23F6DB83AD64}.Debug|Any CPU.Build.0 = Debug|Any CPU
		{FCCD78C1-0954-EA12-F502-23F6DB83AD64}.Release|Any CPU.ActiveCfg = Release|Any CPU
		{FCCD78C1-0954-EA12-F502-23F6DB83AD64}.Release|Any CPU.Build.0 = Release|Any CPU
	EndGlobalSection
	GlobalSection(SolutionProperties) = preSolution
		HideSolutionNode = FALSE
	EndGlobalSection
	GlobalSection(ExtensibilityGlobals) = postSolution
		SolutionGuid = {B77FB6A8-EFE1-4D80-9D3E-18FED7C16DFF}
	EndGlobalSection
EndGlobal
